
Microsoft Visual Studio Solution File, Format Version 12.00
# Visual Studio Version 16
VisualStudioVersion = 16.0.31515.178
MinimumVisualStudioVersion = 10.0.40219.1
Project("{FAE04EC0-301F-11D3-BF4B-00C04F79EFBC}") = "Hotel", "Hotel\Hotel.csproj", "{07B897AA-FD32-4B7B-9BA4-F66963ADBFE1}"
EndProject
Global
	GlobalSection(SolutionConfigurationPlatforms) = preSolution
		Debug|Any CPU = Debug|Any CPU
		Release|Any CPU = Release|Any CPU
	EndGlobalSection
	GlobalSection(ProjectConfigurationPlatforms) = postSolution
		{07B897AA-FD32-4B7B-9BA4-F66963ADBFE1}.Debug|Any CPU.ActiveCfg = Debug|Any CPU
		{07B897AA-FD32-4B7B-9BA4-F66963ADBFE1}.Debug|Any CPU.Build.0 = Debug|Any CPU
		{07B897AA-FD32-4B7B-9BA4-F66963ADBFE1}.Release|Any CPU.ActiveCfg = Release|Any CPU
		{07B897AA-FD32-4B7B-9BA4-F66963ADBFE1}.Release|Any CPU.Build.0 = Release|Any CPU
	EndGlobalSection
	GlobalSection(SolutionProperties) = preSolution
		HideSolutionNode = FALSE
	EndGlobalSection
	GlobalSection(ExtensibilityGlobals) = postSolution
		SolutionGuid = {2EA30302-EA43-48D5-AC09-728CBFF4549D}
	EndGlobalSection
EndGlobal
