
Microsoft Visual Studio Solution File, Format Version 12.00
# Visual Studio Version 16
VisualStudioVersion = 16.0.31515.178
MinimumVisualStudioVersion = 10.0.40219.1
Project("{FAE04EC0-301F-11D3-BF4B-00C04F79EFBC}") = "DadosFuncionario", "DadosFuncionario\DadosFuncionario.csproj", "{29134DB9-1794-4D44-AF7C-6964AE7FD155}"
EndProject
Global
	GlobalSection(SolutionConfigurationPlatforms) = preSolution
		Debug|Any CPU = Debug|Any CPU
		Release|Any CPU = Release|Any CPU
	EndGlobalSection
	GlobalSection(ProjectConfigurationPlatforms) = postSolution
		{29134DB9-1794-4D44-AF7C-6964AE7FD155}.Debug|Any CPU.ActiveCfg = Debug|Any CPU
		{29134DB9-1794-4D44-AF7C-6964AE7FD155}.Debug|Any CPU.Build.0 = Debug|Any CPU
		{29134DB9-1794-4D44-AF7C-6964AE7FD155}.Release|Any CPU.ActiveCfg = Release|Any CPU
		{29134DB9-1794-4D44-AF7C-6964AE7FD155}.Release|Any CPU.Build.0 = Release|Any CPU
	EndGlobalSection
	GlobalSection(SolutionProperties) = preSolution
		HideSolutionNode = FALSE
	EndGlobalSection
	GlobalSection(ExtensibilityGlobals) = postSolution
		SolutionGuid = {32B7725D-5207-4686-9353-05300B334464}
	EndGlobalSection
EndGlobal
