
Microsoft Visual Studio Solution File, Format Version 12.00
# Visual Studio Version 16
VisualStudioVersion = 16.0.31515.178
MinimumVisualStudioVersion = 10.0.40219.1
Project("{FAE04EC0-301F-11D3-BF4B-00C04F79EFBC}") = "Sobreposicao", "Sobreposicao\Sobreposicao.csproj", "{EE8D0243-6388-46E8-BDA0-71222CFFCD37}"
EndProject
Global
	GlobalSection(SolutionConfigurationPlatforms) = preSolution
		Debug|Any CPU = Debug|Any CPU
		Release|Any CPU = Release|Any CPU
	EndGlobalSection
	GlobalSection(ProjectConfigurationPlatforms) = postSolution
		{EE8D0243-6388-46E8-BDA0-71222CFFCD37}.Debug|Any CPU.ActiveCfg = Debug|Any CPU
		{EE8D0243-6388-46E8-BDA0-71222CFFCD37}.Debug|Any CPU.Build.0 = Debug|Any CPU
		{EE8D0243-6388-46E8-BDA0-71222CFFCD37}.Release|Any CPU.ActiveCfg = Release|Any CPU
		{EE8D0243-6388-46E8-BDA0-71222CFFCD37}.Release|Any CPU.Build.0 = Release|Any CPU
	EndGlobalSection
	GlobalSection(SolutionProperties) = preSolution
		HideSolutionNode = FALSE
	EndGlobalSection
	GlobalSection(ExtensibilityGlobals) = postSolution
		SolutionGuid = {5E2D3D87-48AA-4BE5-B2C1-5AF64AC8F7DC}
	EndGlobalSection
EndGlobal
